
Microsoft Visual Studio Solution File, Format Version 12.00
# Visual Studio 2013
Project("{FAE04EC0-301F-11D3-BF4B-00C04F79EFBC}") = "UnityVS.NotoGames.CSharp", "UnityVS.NotoGames.CSharp.csproj", "{DEB958E1-FD64-B48E-7472-2B240654486A}"
EndProject
Global
	GlobalSection(SolutionConfigurationPlatforms) = preSolution
		Debug|Any CPU = Debug|Any CPU
		Release|Any CPU = Release|Any CPU
	EndGlobalSection
	GlobalSection(ProjectConfigurationPlatforms) = postSolution
		{DEB958E1-FD64-B48E-7472-2B240654486A}.Debug|Any CPU.ActiveCfg = Debug|Any CPU
		{DEB958E1-FD64-B48E-7472-2B240654486A}.Debug|Any CPU.Build.0 = Debug|Any CPU
		{DEB958E1-FD64-B48E-7472-2B240654486A}.Release|Any CPU.ActiveCfg = Release|Any CPU
		{DEB958E1-FD64-B48E-7472-2B240654486A}.Release|Any CPU.Build.0 = Release|Any CPU
	EndGlobalSection
	GlobalSection(SolutionProperties) = preSolution
		HideSolutionNode = FALSE
	EndGlobalSection
EndGlobal
